
Microsoft Visual Studio Solution File, Format Version 12.00
# Visual Studio Version 16
VisualStudioVersion = 16.0.32228.343
MinimumVisualStudioVersion = 10.0.40219.1
Project("{FAE04EC0-301F-11D3-BF4B-00C04F79EFBC}") = "Registration_form", "Registration_form.csproj", "{64D55E51-318D-48A7-A656-2C9C7D14C9E4}"
EndProject
Global
	GlobalSection(SolutionConfigurationPlatforms) = preSolution
		Debug|Any CPU = Debug|Any CPU
		Release|Any CPU = Release|Any CPU
	EndGlobalSection
	GlobalSection(ProjectConfigurationPlatforms) = postSolution
		{64D55E51-318D-48A7-A656-2C9C7D14C9E4}.Debug|Any CPU.ActiveCfg = Debug|Any CPU
		{64D55E51-318D-48A7-A656-2C9C7D14C9E4}.Debug|Any CPU.Build.0 = Debug|Any CPU
		{64D55E51-318D-48A7-A656-2C9C7D14C9E4}.Release|Any CPU.ActiveCfg = Release|Any CPU
		{64D55E51-318D-48A7-A656-2C9C7D14C9E4}.Release|Any CPU.Build.0 = Release|Any CPU
	EndGlobalSection
	GlobalSection(SolutionProperties) = preSolution
		HideSolutionNode = FALSE
	EndGlobalSection
	GlobalSection(ExtensibilityGlobals) = postSolution
		SolutionGuid = {70B4973B-1B3F-480C-9286-A7A351F2A81E}
	EndGlobalSection
EndGlobal
